
Microsoft Visual Studio Solution File, Format Version 11.00
# Visual Studio 2010
Project("{8BC9CEB8-8B4A-11D0-8D11-00A0C91BC942}") = "happysolver", "happysolver.vcxproj", "{78A8B6FD-1E39-40FA-AD04-3832DB6EE844}"
EndProject
Project("{54435603-DBB4-11D2-8724-00A0C9A8B90C}") = "HappyCubeInstaller", "HappyCubeInstaller.vdproj", "{A944C0A8-5B0D-4D84-82F9-DE48DA907ABA}"
EndProject
Global
	GlobalSection(SolutionConfigurationPlatforms) = preSolution
		Debug|Win32 = Debug|Win32
		Release|Win32 = Release|Win32
	EndGlobalSection
	GlobalSection(ProjectConfigurationPlatforms) = postSolution
		{78A8B6FD-1E39-40FA-AD04-3832DB6EE844}.Debug|Win32.ActiveCfg = Debug|Win32
		{78A8B6FD-1E39-40FA-AD04-3832DB6EE844}.Debug|Win32.Build.0 = Debug|Win32
		{78A8B6FD-1E39-40FA-AD04-3832DB6EE844}.Release|Win32.ActiveCfg = Release|Win32
		{78A8B6FD-1E39-40FA-AD04-3832DB6EE844}.Release|Win32.Build.0 = Release|Win32
		{A944C0A8-5B0D-4D84-82F9-DE48DA907ABA}.Debug|Win32.ActiveCfg = Debug
		{A944C0A8-5B0D-4D84-82F9-DE48DA907ABA}.Debug|Win32.Build.0 = Debug
		{A944C0A8-5B0D-4D84-82F9-DE48DA907ABA}.Release|Win32.ActiveCfg = Release
		{A944C0A8-5B0D-4D84-82F9-DE48DA907ABA}.Release|Win32.Build.0 = Release
	EndGlobalSection
	GlobalSection(SolutionProperties) = preSolution
		HideSolutionNode = FALSE
	EndGlobalSection
	GlobalSection(Qt) = preSolution
		Integration = True
	EndGlobalSection
EndGlobal
