<?xml version="1.0" encoding="utf-8"?>
<Project ToolsVersion="4.0" xmlns="http://schemas.microsoft.com/developer/msbuild/2003">
  <ItemGroup>
    <Filter Include="Form Files">
      <UniqueIdentifier>{99349809-55BA-4b9d-BF79-8FDBB0286EB3}</UniqueIdentifier>
      <Extensions>ui</Extensions>
    </Filter>
    <Filter Include="Resource Files">
      <UniqueIdentifier>{D9D6E242-F8AF-46E4-B9FD-80ECBC20BA3E}</UniqueIdentifier>
      <Extensions>qrc;*</Extensions>
      <ParseFiles>false</ParseFiles>
    </Filter>
    <Filter Include="Generated Files">
      <UniqueIdentifier>{71ED8ED8-ACB9-4CE9-BBE1-E00B30144E11}</UniqueIdentifier>
      <Extensions>moc;h;cpp</Extensions>
      <SourceControlFiles>False</SourceControlFiles>
    </Filter>
    <Filter Include="Engine">
      <UniqueIdentifier>{0a7ca66a-8287-4939-a770-6e38e1e0e7c3}</UniqueIdentifier>
    </Filter>
    <Filter Include="GUI">
      <UniqueIdentifier>{65354981-0a49-4def-8490-430af8208ece}</UniqueIdentifier>
    </Filter>
    <Filter Include="DocView">
      <UniqueIdentifier>{5c0a0b1d-9761-4a82-8e10-01c3075c6608}</UniqueIdentifier>
    </Filter>
    <Filter Include="3D">
      <UniqueIdentifier>{7b153960-cb6b-4a00-a7da-b1cea73a2ff9}</UniqueIdentifier>
    </Filter>
    <Filter Include="Misc">
      <UniqueIdentifier>{432437b7-67d9-4b92-89d1-73bdba784cd8}</UniqueIdentifier>
    </Filter>
    <Filter Include="Engine\pieces">
      <UniqueIdentifier>{158217d1-f914-4957-87e9-18f2bdfc4848}</UniqueIdentifier>
    </Filter>
    <Filter Include="Engine\solutions">
      <UniqueIdentifier>{0511c7e6-2782-41e2-88f5-a160d2668ed3}</UniqueIdentifier>
    </Filter>
  </ItemGroup>
  <ItemGroup>
    <ClCompile Include="GeneratedFiles\Debug\moc_ActFocusComboBox.cpp">
      <Filter>Generated Files</Filter>
    </ClCompile>
    <ClCompile Include="GeneratedFiles\Release\moc_ActFocusComboBox.cpp">
      <Filter>Generated Files</Filter>
    </ClCompile>
    <ClCompile Include="GeneratedFiles\Release\moc_AssembleStepDlg.cpp">
      <Filter>Generated Files</Filter>
    </ClCompile>
    <ClCompile Include="GeneratedFiles\Debug\moc_AssembleStepDlg.cpp">
      <Filter>Generated Files</Filter>
    </ClCompile>
    <ClCompile Include="GeneratedFiles\Debug\moc_BuildGLWidget.cpp">
      <Filter>Generated Files</Filter>
    </ClCompile>
    <ClCompile Include="GeneratedFiles\Release\moc_BuildGLWidget.cpp">
      <Filter>Generated Files</Filter>
    </ClCompile>
    <ClCompile Include="GeneratedFiles\Release\moc_BuildHelpDlg.cpp">
      <Filter>Generated Files</Filter>
    </ClCompile>
    <ClCompile Include="GeneratedFiles\Debug\moc_BuildHelpDlg.cpp">
      <Filter>Generated Files</Filter>
    </ClCompile>
    <ClCompile Include="GeneratedFiles\Debug\moc_CubeDoc.cpp">
      <Filter>Generated Files</Filter>
    </ClCompile>
    <ClCompile Include="GeneratedFiles\Release\moc_CubeDoc.cpp">
      <Filter>Generated Files</Filter>
    </ClCompile>
    <ClCompile Include="GeneratedFiles\Debug\moc_DataWidgets.cpp">
      <Filter>Generated Files</Filter>
    </ClCompile>
    <ClCompile Include="GeneratedFiles\Release\moc_DataWidgets.cpp">
      <Filter>Generated Files</Filter>
    </ClCompile>
    <ClCompile Include="GeneratedFiles\Debug\moc_GLWidget.cpp">
      <Filter>Generated Files</Filter>
    </ClCompile>
    <ClCompile Include="GeneratedFiles\Release\moc_GLWidget.cpp">
      <Filter>Generated Files</Filter>
    </ClCompile>
    <ClCompile Include="GeneratedFiles\Debug\moc_GrpColorDlg.cpp">
      <Filter>Generated Files</Filter>
    </ClCompile>
    <ClCompile Include="GeneratedFiles\Release\moc_GrpColorDlg.cpp">
      <Filter>Generated Files</Filter>
    </ClCompile>
    <ClCompile Include="GeneratedFiles\Release\moc_MainWindow.cpp">
      <Filter>Generated Files</Filter>
    </ClCompile>
    <ClCompile Include="GeneratedFiles\Debug\moc_MainWindow.cpp">
      <Filter>Generated Files</Filter>
    </ClCompile>
    <ClCompile Include="GeneratedFiles\Release\moc_ModelGLWidget.cpp">
      <Filter>Generated Files</Filter>
    </ClCompile>
    <ClCompile Include="GeneratedFiles\Debug\moc_ModelGLWidget.cpp">
      <Filter>Generated Files</Filter>
    </ClCompile>
    <ClCompile Include="GeneratedFiles\Release\moc_ModelHelpDlg.cpp">
      <Filter>Generated Files</Filter>
    </ClCompile>
    <ClCompile Include="GeneratedFiles\Debug\moc_ModelHelpDlg.cpp">
      <Filter>Generated Files</Filter>
    </ClCompile>
    <ClCompile Include="GeneratedFiles\Debug\moc_OptionsDlg.cpp">
      <Filter>Generated Files</Filter>
    </ClCompile>
    <ClCompile Include="GeneratedFiles\Release\moc_OptionsDlg.cpp">
      <Filter>Generated Files</Filter>
    </ClCompile>
    <ClCompile Include="GeneratedFiles\Release\moc_PicsSelectWidget.cpp">
      <Filter>Generated Files</Filter>
    </ClCompile>
    <ClCompile Include="GeneratedFiles\Debug\moc_PicsSelectWidget.cpp">
      <Filter>Generated Files</Filter>
    </ClCompile>
    <ClCompile Include="GeneratedFiles\Debug\moc_Pieces.cpp">
      <Filter>Generated Files</Filter>
    </ClCompile>
    <ClCompile Include="GeneratedFiles\Release\moc_Pieces.cpp">
      <Filter>Generated Files</Filter>
    </ClCompile>
    <ClCompile Include="GeneratedFiles\Release\moc_SIDlg.cpp">
      <Filter>Generated Files</Filter>
    </ClCompile>
    <ClCompile Include="GeneratedFiles\Debug\moc_SIDlg.cpp">
      <Filter>Generated Files</Filter>
    </ClCompile>
    <ClCompile Include="GeneratedFiles\Release\moc_Solutions.cpp">
      <Filter>Generated Files</Filter>
    </ClCompile>
    <ClCompile Include="GeneratedFiles\Debug\moc_Solutions.cpp">
      <Filter>Generated Files</Filter>
    </ClCompile>
    <ClCompile Include="GeneratedFiles\Debug\moc_SolveDlg.cpp">
      <Filter>Generated Files</Filter>
    </ClCompile>
    <ClCompile Include="GeneratedFiles\Release\moc_SolveDlg.cpp">
      <Filter>Generated Files</Filter>
    </ClCompile>
    <ClCompile Include="GeneratedFiles\Release\moc_SolveThread.cpp">
      <Filter>Generated Files</Filter>
    </ClCompile>
    <ClCompile Include="GeneratedFiles\Debug\moc_SolveThread.cpp">
      <Filter>Generated Files</Filter>
    </ClCompile>
    <ClCompile Include="GeneratedFiles\qrc_resources.cpp">
      <Filter>Generated Files</Filter>
    </ClCompile>
    <ClCompile Include="src\BuildWorld.cpp">
      <Filter>Engine</Filter>
    </ClCompile>
    <ClCompile Include="src\Cube.cpp">
      <Filter>Engine</Filter>
    </ClCompile>
    <ClCompile Include="src\Shape.cpp">
      <Filter>Engine</Filter>
    </ClCompile>
    <ClCompile Include="src\SolveThread.cpp">
      <Filter>Engine</Filter>
    </ClCompile>
    <ClCompile Include="src\Space3D.cpp">
      <Filter>Engine</Filter>
    </ClCompile>
    <ClCompile Include="src\ActFocusComboBox.cpp">
      <Filter>GUI</Filter>
    </ClCompile>
    <ClCompile Include="src\AssembleStepDlg.cpp">
      <Filter>GUI</Filter>
    </ClCompile>
    <ClCompile Include="src\BuildHelpDlg.cpp">
      <Filter>GUI</Filter>
    </ClCompile>
    <ClCompile Include="src\DataWidgets.cpp">
      <Filter>GUI</Filter>
    </ClCompile>
    <ClCompile Include="src\GrpColorDlg.cpp">
      <Filter>GUI</Filter>
    </ClCompile>
    <ClCompile Include="src\OptionsDlg.cpp">
      <Filter>GUI</Filter>
    </ClCompile>
    <ClCompile Include="src\SIDlg.cpp">
      <Filter>GUI</Filter>
    </ClCompile>
    <ClCompile Include="src\SolveDlg.cpp">
      <Filter>GUI</Filter>
    </ClCompile>
    <ClCompile Include="src\BuildGLWidget.cpp">
      <Filter>DocView</Filter>
    </ClCompile>
    <ClCompile Include="src\CubeDoc.cpp">
      <Filter>DocView</Filter>
    </ClCompile>
    <ClCompile Include="src\MainWindow.cpp">
      <Filter>DocView</Filter>
    </ClCompile>
    <ClCompile Include="src\ModelGLWidget.cpp">
      <Filter>DocView</Filter>
    </ClCompile>
    <ClCompile Include="src\PicsSelectWidget.cpp">
      <Filter>DocView</Filter>
    </ClCompile>
    <ClCompile Include="src\GLWidget.cpp">
      <Filter>3D</Filter>
    </ClCompile>
    <ClCompile Include="src\MyObject.cpp">
      <Filter>3D</Filter>
    </ClCompile>
    <ClCompile Include="src\MyPolygon.cpp">
      <Filter>3D</Filter>
    </ClCompile>
    <ClCompile Include="src\PicPainter.cpp">
      <Filter>3D</Filter>
    </ClCompile>
    <ClCompile Include="src\Configuration.cpp">
      <Filter>Misc</Filter>
    </ClCompile>
    <ClCompile Include="src\general.cpp">
      <Filter>Misc</Filter>
    </ClCompile>
    <ClCompile Include="src\main.cpp">
      <Filter>Misc</Filter>
    </ClCompile>
    <ClCompile Include="src\MyFile.cpp">
      <Filter>Misc</Filter>
    </ClCompile>
    <ClCompile Include="src\ModelHelpDlg.cpp">
      <Filter>GUI</Filter>
    </ClCompile>
    <ClCompile Include="src\Pieces.cpp">
      <Filter>Engine\pieces</Filter>
    </ClCompile>
    <ClCompile Include="src\Solutions.cpp">
      <Filter>Engine\solutions</Filter>
    </ClCompile>
    <ClCompile Include="src\SlvCube.cpp">
      <Filter>Engine\solutions</Filter>
    </ClCompile>
    <ClCompile Include="src\SlvPainter.cpp">
      <Filter>Engine\solutions</Filter>
    </ClCompile>
    <ClCompile Include="src\PicsSet.cpp">
      <Filter>Engine\pieces</Filter>
    </ClCompile>
    <ClCompile Include="src\PicArr.cpp">
      <Filter>Engine\pieces</Filter>
    </ClCompile>
  </ItemGroup>
  <ItemGroup>
    <ClInclude Include="GeneratedFiles\ui_about.h">
      <Filter>Generated Files</Filter>
    </ClInclude>
    <ClInclude Include="GeneratedFiles\ui_GrpColor.h">
      <Filter>Generated Files</Filter>
    </ClInclude>
    <ClInclude Include="GeneratedFiles\ui_OptionsDlg.h">
      <Filter>Generated Files</Filter>
    </ClInclude>
    <ClInclude Include="GeneratedFiles\ui_SolveDlg.h">
      <Filter>Generated Files</Filter>
    </ClInclude>
    <ClInclude Include="src\BuildWorld.h">
      <Filter>Engine</Filter>
    </ClInclude>
    <ClInclude Include="src\Cube.h">
      <Filter>Engine</Filter>
    </ClInclude>
    <ClInclude Include="src\CubeAcc.h">
      <Filter>Engine</Filter>
    </ClInclude>
    <ClInclude Include="src\Shape.h">
      <Filter>Engine</Filter>
    </ClInclude>
    <ClInclude Include="src\Space3D.h">
      <Filter>Engine</Filter>
    </ClInclude>
    <ClInclude Include="src\MyObject.h">
      <Filter>3D</Filter>
    </ClInclude>
    <ClInclude Include="src\MyPoint.h">
      <Filter>3D</Filter>
    </ClInclude>
    <ClInclude Include="src\MyPolygon.h">
      <Filter>3D</Filter>
    </ClInclude>
    <ClInclude Include="src\PicPainter.h">
      <Filter>3D</Filter>
    </ClInclude>
    <ClInclude Include="src\Texture.h">
      <Filter>3D</Filter>
    </ClInclude>
    <ClInclude Include="src\Configuration.h">
      <Filter>Misc</Filter>
    </ClInclude>
    <ClInclude Include="src\general.h">
      <Filter>Misc</Filter>
    </ClInclude>
    <ClInclude Include="src\GlobDefs.h">
      <Filter>Misc</Filter>
    </ClInclude>
    <ClInclude Include="src\MemoryMgmt.h">
      <Filter>Misc</Filter>
    </ClInclude>
    <ClInclude Include="src\MyFile.h">
      <Filter>Misc</Filter>
    </ClInclude>
    <ClInclude Include="resource.h">
      <Filter>Generated Files</Filter>
    </ClInclude>
    <ClInclude Include="resource1.h">
      <Filter>Generated Files</Filter>
    </ClInclude>
    <ClInclude Include="src\SlvCube.h">
      <Filter>Engine\solutions</Filter>
    </ClInclude>
    <ClInclude Include="src\SlvPainter.h">
      <Filter>Engine\solutions</Filter>
    </ClInclude>
    <ClInclude Include="src\PicArr.h">
      <Filter>Engine\pieces</Filter>
    </ClInclude>
    <ClInclude Include="src\PicsSet.h">
      <Filter>Engine\pieces</Filter>
    </ClInclude>
  </ItemGroup>
  <ItemGroup>
    <CustomBuildStep Include="images\about.png">
      <Filter>Resource Files</Filter>
    </CustomBuildStep>
    <CustomBuildStep Include="images\addtile.png">
      <Filter>Resource Files</Filter>
    </CustomBuildStep>
    <CustomBuildStep Include="images\axisX.png">
      <Filter>Resource Files</Filter>
    </CustomBuildStep>
    <CustomBuildStep Include="images\axisXY.png">
      <Filter>Resource Files</Filter>
    </CustomBuildStep>
    <CustomBuildStep Include="images\axisXZ.png">
      <Filter>Resource Files</Filter>
    </CustomBuildStep>
    <CustomBuildStep Include="images\axisY.png">
      <Filter>Resource Files</Filter>
    </CustomBuildStep>
    <CustomBuildStep Include="images\axisYZ.png">
      <Filter>Resource Files</Filter>
    </CustomBuildStep>
    <CustomBuildStep Include="images\axisZ.png">
      <Filter>Resource Files</Filter>
    </CustomBuildStep>
    <CustomBuildStep Include="images\buildview.png">
      <Filter>Resource Files</Filter>
    </CustomBuildStep>
    <CustomBuildStep Include="images\continueRotate.png">
      <Filter>Resource Files</Filter>
    </CustomBuildStep>
    <CustomBuildStep Include="images\HappySolver16f.png">
      <Filter>Resource Files</Filter>
    </CustomBuildStep>
    <CustomBuildStep Include="images\HappySolver32f.png">
      <Filter>Resource Files</Filter>
    </CustomBuildStep>
    <CustomBuildStep Include="images\HappySolver64f.png">
      <Filter>Resource Files</Filter>
    </CustomBuildStep>
    <CustomBuildStep Include="images\modelview.png">
      <Filter>Resource Files</Filter>
    </CustomBuildStep>
    <CustomBuildStep Include="images\newshape.png">
      <Filter>Resource Files</Filter>
    </CustomBuildStep>
    <CustomBuildStep Include="images\objectspace.png">
      <Filter>Resource Files</Filter>
    </CustomBuildStep>
    <CustomBuildStep Include="images\openshape.png">
      <Filter>Resource Files</Filter>
    </CustomBuildStep>
    <CustomBuildStep Include="images\opensolve.png">
      <Filter>Resource Files</Filter>
    </CustomBuildStep>
    <CustomBuildStep Include="images\options.png">
      <Filter>Resource Files</Filter>
    </CustomBuildStep>
    <CustomBuildStep Include="images\picsview.png">
      <Filter>Resource Files</Filter>
    </CustomBuildStep>
    <CustomBuildStep Include="images\removetile.png">
      <Filter>Resource Files</Filter>
    </CustomBuildStep>
    <CustomBuildStep Include="images\resetsolves.png">
      <Filter>Resource Files</Filter>
    </CustomBuildStep>
    <CustomBuildStep Include="images\resetview.png">
      <Filter>Resource Files</Filter>
    </CustomBuildStep>
    <CustomBuildStep Include="images\rotate.png">
      <Filter>Resource Files</Filter>
    </CustomBuildStep>
    <CustomBuildStep Include="images\run_error.png">
      <Filter>Resource Files</Filter>
    </CustomBuildStep>
    <CustomBuildStep Include="images\run_ok.png">
      <Filter>Resource Files</Filter>
    </CustomBuildStep>
    <CustomBuildStep Include="images\run_warn.png">
      <Filter>Resource Files</Filter>
    </CustomBuildStep>
    <CustomBuildStep Include="images\sampleBlackProfi.png">
      <Filter>Resource Files</Filter>
    </CustomBuildStep>
    <CustomBuildStep Include="images\sampleColorProfi.png">
      <Filter>Resource Files</Filter>
    </CustomBuildStep>
    <CustomBuildStep Include="images\sampleHappyCube.png">
      <Filter>Resource Files</Filter>
    </CustomBuildStep>
    <CustomBuildStep Include="images\sampleLittleGenius.png">
      <Filter>Resource Files</Filter>
    </CustomBuildStep>
    <CustomBuildStep Include="images\sampleMarble.png">
      <Filter>Resource Files</Filter>
    </CustomBuildStep>
    <CustomBuildStep Include="images\saveshape.png">
      <Filter>Resource Files</Filter>
    </CustomBuildStep>
    <CustomBuildStep Include="images\savesolve.png">
      <Filter>Resource Files</Filter>
    </CustomBuildStep>
    <CustomBuildStep Include="images\scale.png">
      <Filter>Resource Files</Filter>
    </CustomBuildStep>
    <CustomBuildStep Include="images\selectblue.png">
      <Filter>Resource Files</Filter>
    </CustomBuildStep>
    <CustomBuildStep Include="images\selectyellow.png">
      <Filter>Resource Files</Filter>
    </CustomBuildStep>
    <CustomBuildStep Include="images\showallblues.png">
      <Filter>Resource Files</Filter>
    </CustomBuildStep>
    <CustomBuildStep Include="images\solvedlg.png">
      <Filter>Resource Files</Filter>
    </CustomBuildStep>
    <CustomBuildStep Include="images\solvefirst.png">
      <Filter>Resource Files</Filter>
    </CustomBuildStep>
    <CustomBuildStep Include="images\solvelast.png">
      <Filter>Resource Files</Filter>
    </CustomBuildStep>
    <CustomBuildStep Include="images\solvenext.png">
      <Filter>Resource Files</Filter>
    </CustomBuildStep>
    <CustomBuildStep Include="images\solveprev.png">
      <Filter>Resource Files</Filter>
    </CustomBuildStep>
    <CustomBuildStep Include="images\stepbystep.png">
      <Filter>Resource Files</Filter>
    </CustomBuildStep>
    <CustomBuildStep Include="images\translate.png">
      <Filter>Resource Files</Filter>
    </CustomBuildStep>
    <CustomBuildStep Include="images\viewortho.png">
      <Filter>Resource Files</Filter>
    </CustomBuildStep>
    <CustomBuildStep Include="images\viewpersp.png">
      <Filter>Resource Files</Filter>
    </CustomBuildStep>
    <CustomBuildStep Include="images\worldspace.png">
      <Filter>Resource Files</Filter>
    </CustomBuildStep>
  </ItemGroup>
  <ItemGroup>
    <CustomBuild Include="src\about.ui">
      <Filter>Form Files</Filter>
    </CustomBuild>
    <CustomBuild Include="src\GrpColor.ui">
      <Filter>Form Files</Filter>
    </CustomBuild>
    <CustomBuild Include="src\OptionsDlg.ui">
      <Filter>Form Files</Filter>
    </CustomBuild>
    <CustomBuild Include="src\SolveDlg.ui">
      <Filter>Form Files</Filter>
    </CustomBuild>
    <CustomBuild Include="resources.qrc">
      <Filter>Resource Files</Filter>
    </CustomBuild>
    <CustomBuild Include="src\SolveThread.h">
      <Filter>Engine</Filter>
    </CustomBuild>
    <CustomBuild Include="src\ActFocusComboBox.h">
      <Filter>GUI</Filter>
    </CustomBuild>
    <CustomBuild Include="src\AssembleStepDlg.h">
      <Filter>GUI</Filter>
    </CustomBuild>
    <CustomBuild Include="src\BuildHelpDlg.h">
      <Filter>GUI</Filter>
    </CustomBuild>
    <CustomBuild Include="src\DataWidgets.h">
      <Filter>GUI</Filter>
    </CustomBuild>
    <CustomBuild Include="src\GrpColorDlg.h">
      <Filter>GUI</Filter>
    </CustomBuild>
    <CustomBuild Include="src\ModelHelpDlg.h">
      <Filter>GUI</Filter>
    </CustomBuild>
    <CustomBuild Include="src\OptionsDlg.h">
      <Filter>GUI</Filter>
    </CustomBuild>
    <CustomBuild Include="src\SIDlg.h">
      <Filter>GUI</Filter>
    </CustomBuild>
    <CustomBuild Include="src\SolveDlg.h">
      <Filter>GUI</Filter>
    </CustomBuild>
    <CustomBuild Include="src\BuildGLWidget.h">
      <Filter>DocView</Filter>
    </CustomBuild>
    <CustomBuild Include="src\CubeDoc.h">
      <Filter>DocView</Filter>
    </CustomBuild>
    <CustomBuild Include="src\MainWindow.h">
      <Filter>DocView</Filter>
    </CustomBuild>
    <CustomBuild Include="src\ModelGLWidget.h">
      <Filter>DocView</Filter>
    </CustomBuild>
    <CustomBuild Include="src\PicsSelectWidget.h">
      <Filter>DocView</Filter>
    </CustomBuild>
    <CustomBuild Include="src\GLWidget.h">
      <Filter>3D</Filter>
    </CustomBuild>
    <CustomBuild Include="src\Pieces.h">
      <Filter>Engine\pieces</Filter>
    </CustomBuild>
    <CustomBuild Include="src\Solutions.h">
      <Filter>Engine\solutions</Filter>
    </CustomBuild>
  </ItemGroup>
  <ItemGroup>
    <None Include="images\HappySolver.ico" />
  </ItemGroup>
  <ItemGroup>
    <ResourceCompile Include="happysolver.rc" />
  </ItemGroup>
</Project>